PODS:
  - SimpleNetworkingSDK (1.0.0)

DEPENDENCIES:
  - SimpleNetworkingSDK (from `https://github.com/edwardnguondev/SimpleNetworkingSDK.git`)

EXTERNAL SOURCES:
  SimpleNetworkingSDK:
    :git: https://github.com/edwardnguondev/SimpleNetworkingSDK.git

CHECKOUT OPTIONS:
  SimpleNetworkingSDK:
    :commit: 1ca55939dedc314fdbf26c4dade3c5869b3d9cc3
    :git: https://github.com/edwardnguondev/SimpleNetworkingSDK.git

SPEC CHECKSUMS:
  SimpleNetworkingSDK: eeda47f7c44af3556f2506c360a3952fa1034219

PODFILE CHECKSUM: 96fe0fedda759954df4d4d5199fabca4b6a4911f

COCOAPODS: 1.12.1
